
Microsoft Visual Studio Solution File, Format Version 12.00
# Visual Studio Version 16
VisualStudioVersion = 16.0.31605.320
MinimumVisualStudioVersion = 10.0.40219.1
Project("{FAE04EC0-301F-11D3-BF4B-00C04F79EFBC}") = "Wpf_Yshakow_PR10INS", "Wpf_Yshakow_PR10INS\Wpf_Yshakow_PR10INS.csproj", "{BA94D683-4E97-43D9-AFC4-BCA91963F4C1}"
EndProject
Global
	GlobalSection(SolutionConfigurationPlatforms) = preSolution
		Debug|Any CPU = Debug|Any CPU
		Release|Any CPU = Release|Any CPU
	EndGlobalSection
	GlobalSection(ProjectConfigurationPlatforms) = postSolution
		{BA94D683-4E97-43D9-AFC4-BCA91963F4C1}.Debug|Any CPU.ActiveCfg = Debug|Any CPU
		{BA94D683-4E97-43D9-AFC4-BCA91963F4C1}.Debug|Any CPU.Build.0 = Debug|Any CPU
		{BA94D683-4E97-43D9-AFC4-BCA91963F4C1}.Release|Any CPU.ActiveCfg = Release|Any CPU
		{BA94D683-4E97-43D9-AFC4-BCA91963F4C1}.Release|Any CPU.Build.0 = Release|Any CPU
	EndGlobalSection
	GlobalSection(SolutionProperties) = preSolution
		HideSolutionNode = FALSE
	EndGlobalSection
	GlobalSection(ExtensibilityGlobals) = postSolution
		SolutionGuid = {3D7D452B-F760-438B-80AA-66C6EE7839B7}
	EndGlobalSection
EndGlobal
